
Microsoft Visual Studio Solution File, Format Version 12.00
# Visual Studio Version 18
VisualStudioVersion = 18.2.11408.102 d18.0
MinimumVisualStudioVersion = 10.0.40219.1
Project("{8BC9CEB8-8B4A-11D0-8D11-00A0C91BC942}") = "stub_sof2gt", "stub_sof2gt.vcxproj", "{1D5BE629-82D1-4511-8559-5116BFE4338C}"
EndProject
Global
	GlobalSection(SolutionConfigurationPlatforms) = preSolution
		Debug-SOF2MP|x86 = Debug-SOF2MP|x86
		Release-SOF2MP|x86 = Release-SOF2MP|x86
	EndGlobalSection
	GlobalSection(ProjectConfigurationPlatforms) = postSolution
		{1D5BE629-82D1-4511-8559-5116BFE4338C}.Debug-SOF2MP|x86.ActiveCfg = Debug-SOF2MP|Win32
		{1D5BE629-82D1-4511-8559-5116BFE4338C}.Debug-SOF2MP|x86.Build.0 = Debug-SOF2MP|Win32
		{1D5BE629-82D1-4511-8559-5116BFE4338C}.Release-SOF2MP|x86.ActiveCfg = Release-SOF2MP|Win32
		{1D5BE629-82D1-4511-8559-5116BFE4338C}.Release-SOF2MP|x86.Build.0 = Release-SOF2MP|Win32
	EndGlobalSection
	GlobalSection(SolutionProperties) = preSolution
		HideSolutionNode = FALSE
	EndGlobalSection
	GlobalSection(ExtensibilityGlobals) = postSolution
		SolutionGuid = {01E872AD-AE5B-469A-B206-2F2EE44F04EE}
	EndGlobalSection
EndGlobal
